// !$*UTF8*$!
{
	archiveVersion = 1;
	classes = {
	};
	objectVersion = 55;
	objects = {

/* Begin PBXBuildFile section */
		100671BF270B5AFC00019FDA /* AppDelegate.swift in Sources */ = {isa = PBXBuildFile; fileRef = 100671BE270B5AFC00019FDA /* AppDelegate.swift */; };
		100671C1270B5AFC00019FDA /* SceneDelegate.swift in Sources */ = {isa = PBXBuildFile; fileRef = 100671C0270B5AFC00019FDA /* SceneDelegate.swift */; };
		100671C6270B5AFC00019FDA /* Main.storyboard in Resources */ = {isa = PBXBuildFile; fileRef = 100671C4270B5AFC00019FDA /* Main.storyboard */; };
		100671C8270B5AFE00019FDA /* Assets.xcassets in Resources */ = {isa = PBXBuildFile; fileRef = 100671C7270B5AFE00019FDA /* Assets.xcassets */; };
		100671CB270B5AFE00019FDA /* LaunchScreen.storyboard in Resources */ = {isa = PBXBuildFile; fileRef = 100671C9270B5AFE00019FDA /* LaunchScreen.storyboard */; };
		100671D3270B5C0D00019FDA /* LoginViewController.swift in Sources */ = {isa = PBXBuildFile; fileRef = 100671D2270B5C0D00019FDA /* LoginViewController.swift */; };
		100671D5270B5C1D00019FDA /* FeedViewController.swift in Sources */ = {isa = PBXBuildFile; fileRef = 100671D4270B5C1D00019FDA /* FeedViewController.swift */; };
		100671D9270B835300019FDA /* SignUpViewController.swift in Sources */ = {isa = PBXBuildFile; fileRef = 100671D8270B835300019FDA /* SignUpViewController.swift */; };
		7554CB717BE1981570E392C7 /* Pods_AuthApp.framework in Frameworks */ = {isa = PBXBuildFile; fileRef = 48F057F724AC8BC73C8235DF /* Pods_AuthApp.framework */; };
/* End PBXBuildFile section */

/* Begin PBXFileReference section */
		100671BB270B5AFC00019FDA /* AuthApp.app */ = {isa = PBXFileReference; explicitFileType = wrapper.application; includeInIndex = 0; path = AuthApp.app; sourceTree = BUILT_PRODUCTS_DIR; };
		100671BE270B5AFC00019FDA /* AppDelegate.swift */ = {isa = PBXFileReference; lastKnownFileType = sourcecode.swift; path = AppDelegate.swift; sourceTree = "<group>"; };
		100671C0270B5AFC00019FDA /* SceneDelegate.swift */ = {isa = PBXFileReference; lastKnownFileType = sourcecode.swift; path = SceneDelegate.swift; sourceTree = "<group>"; };
		100671C5270B5AFC00019FDA /* Base */ = {isa = PBXFileReference; lastKnownFileType = file.storyboard; name = Base; path = Base.lproj/Main.storyboard; sourceTree = "<group>"; };
		100671C7270B5AFE00019FDA /* Assets.xcassets */ = {isa = PBXFileReference; lastKnownFileType = folder.assetcatalog; path = Assets.xcassets; sourceTree = "<group>"; };
		100671CA270B5AFE00019FDA /* Base */ = {isa = PBXFileReference; lastKnownFileType = file.storyboard; name = Base; path = Base.lproj/LaunchScreen.storyboard; sourceTree = "<group>"; };
		100671CC270B5AFE00019FDA /* Info.plist */ = {isa = PBXFileReference; lastKnownFileType = text.plist.xml; path = Info.plist; sourceTree = "<group>"; };
		100671D2270B5C0D00019FDA /* LoginViewController.swift */ = {isa = PBXFileReference; lastKnownFileType = sourcecode.swift; path = LoginViewController.swift; sourceTree = "<group>"; };
		100671D4270B5C1D00019FDA /* FeedViewController.swift */ = {isa = PBXFileReference; lastKnownFileType = sourcecode.swift; path = FeedViewController.swift; sourceTree = "<group>"; };
		100671D8270B835300019FDA /* SignUpViewController.swift */ = {isa = PBXFileReference; lastKnownFileType = sourcecode.swift; path = SignUpViewController.swift; sourceTree = "<group>"; };
		209494BFEAB6DCA0B3626069 /* Pods-AuthApp.release.xcconfig */ = {isa = PBXFileReference; includeInIndex = 1; lastKnownFileType = text.xcconfig; name = "Pods-AuthApp.release.xcconfig"; path = "Target Support Files/Pods-AuthApp/Pods-AuthApp.release.xcconfig"; sourceTree = "<group>"; };
		48F057F724AC8BC73C8235DF /* Pods_AuthApp.framework */ = {isa = PBXFileReference; explicitFileType = wrapper.framework; includeInIndex = 0; path = Pods_AuthApp.framework; sourceTree = BUILT_PRODUCTS_DIR; };
		B6964721219F20C3BD402709 /* Pods-AuthApp.debug.xcconfig */ = {isa = PBXFileReference; includeInIndex = 1; lastKnownFileType = text.xcconfig; name = "Pods-AuthApp.debug.xcconfig"; path = "Target Support Files/Pods-AuthApp/Pods-AuthApp.debug.xcconfig"; sourceTree = "<group>"; };
/* End PBXFileReference section */

/* Begin PBXFrameworksBuildPhase section */
		100671B8270B5AFB00019FDA /* Frameworks */ = {
			isa = PBXFrameworksBuildPhase;
			buildActionMask = 2147483647;
			files = (
				7554CB717BE1981570E392C7 /* Pods_AuthApp.framework in Frameworks */,
			);
			runOnlyForDeploymentPostprocessing = 0;
		};
/* End PBXFrameworksBuildPhase section */

/* Begin PBXGroup section */
		100671B2270B5AFB00019FDA = {
			isa = PBXGroup;
			children = (
				100671BD270B5AFC00019FDA /* AuthApp */,
				100671BC270B5AFC00019FDA /* Products */,
				C0FF78C7316BE94C70E267B7 /* Pods */,
				61ABD60767EC8AB94F3C498E /* Frameworks */,
			);
			sourceTree = "<group>";
		};
		100671BC270B5AFC00019FDA /* Products */ = {
			isa = PBXGroup;
			children = (
				100671BB270B5AFC00019FDA /* AuthApp.app */,
			);
			name = Products;
			sourceTree = "<group>";
		};
		100671BD270B5AFC00019FDA /* AuthApp */ = {
			isa = PBXGroup;
			children = (
				100671BE270B5AFC00019FDA /* AppDelegate.swift */,
				100671C0270B5AFC00019FDA /* SceneDelegate.swift */,
				100671C4270B5AFC00019FDA /* Main.storyboard */,
				100671C7270B5AFE00019FDA /* Assets.xcassets */,
				100671C9270B5AFE00019FDA /* LaunchScreen.storyboard */,
				100671CC270B5AFE00019FDA /* Info.plist */,
				100671D2270B5C0D00019FDA /* LoginViewController.swift */,
				100671D8270B835300019FDA /* SignUpViewController.swift */,
				100671D4270B5C1D00019FDA /* FeedViewController.swift */,
			);
			path = AuthApp;
			sourceTree = "<group>";
		};
		61ABD60767EC8AB94F3C498E /* Frameworks */ = {
			isa = PBXGroup;
			children = (
				48F057F724AC8BC73C8235DF /* Pods_AuthApp.framework */,
			);
			name = Frameworks;
			sourceTree = "<group>";
		};
		C0FF78C7316BE94C70E267B7 /* Pods */ = {
			isa = PBXGroup;
			children = (
				B6964721219F20C3BD402709 /* Pods-AuthApp.debug.xcconfig */,
				209494BFEAB6DCA0B3626069 /* Pods-AuthApp.release.xcconfig */,
			);
			path = Pods;
			sourceTree = "<group>";
		};
/* End PBXGroup section */

/* Begin PBXNativeTarget section */
		100671BA270B5AFB00019FDA /* AuthApp */ = {
			isa = PBXNativeTarget;
			buildConfigurationList = 100671CF270B5AFE00019FDA /* Build configuration list for PBXNativeTarget "AuthApp" */;
			buildPhases = (
				0754CB9C7444ED9F03281852 /* [CP] Check Pods Manifest.lock */,
				100671B7270B5AFB00019FDA /* Sources */,
				100671B8270B5AFB00019FDA /* Frameworks */,
				100671B9270B5AFB00019FDA /* Resources */,
				079A7B08B2BC71E72C6BDCED /* [CP] Embed Pods Frameworks */,
			);
			buildRules = (
			);
			dependencies = (
			);
			name = AuthApp;
			productName = AuthApp;
			productReference = 100671BB270B5AFC00019FDA /* AuthApp.app */;
			productType = "com.apple.product-type.application";
		};
/* End PBXNativeTarget section */

/* Begin PBXProject section */
		100671B3270B5AFB00019FDA /* Project object */ = {
			isa = PBXProject;
			attributes = {
				BuildIndependentTargetsInParallel = 1;
				LastSwiftUpdateCheck = 1300;
				LastUpgradeCheck = 1300;
				TargetAttributes = {
					100671BA270B5AFB00019FDA = {
						CreatedOnToolsVersion = 13.0;
					};
				};
			};
			buildConfigurationList = 100671B6270B5AFB00019FDA /* Build configuration list for PBXProject "AuthApp" */;
			compatibilityVersion = "Xcode 13.0";
			developmentRegion = en;
			hasScannedForEncodings = 0;
			knownRegions = (
				en,
				Base,
			);
			mainGroup = 100671B2270B5AFB00019FDA;
			productRefGroup = 100671BC270B5AFC00019FDA /* Products */;
			projectDirPath = "";
			projectRoot = "";
			targets = (
				100671BA270B5AFB00019FDA /* AuthApp */,
			);
		};
/* End PBXProject section */

/* Begin PBXResourcesBuildPhase section */
		100671B9270B5AFB00019FDA /* Resources */ = {
			isa = PBXResourcesBuildPhase;
			buildActionMask = 2147483647;
			files = (
				100671CB270B5AFE00019FDA /* LaunchScreen.storyboard in Resources */,
				100671C8270B5AFE00019FDA /* Assets.xcassets in Resources */,
				100671C6270B5AFC00019FDA /* Main.storyboard in Resources */,
			);
			runOnlyForDeploymentPostprocessing = 0;
		};
/* End PBXResourcesBuildPhase section */

/* Begin PBXShellScriptBuildPhase section */
		0754CB9C7444ED9F03281852 /* [CP] Check Pods Manifest.lock */ = {
			isa = PBXShellScriptBuildPhase;
			buildActionMask = 2147483647;
			files = (
			);
			inputFileListPaths = (
			);
			inputPaths = (
				"${PODS_PODFILE_DIR_PATH}/Podfile.lock",
				"${PODS_ROOT}/Manifest.lock",
			);
			name = "[CP] Check Pods Manifest.lock";
			outputFileListPaths = (
			);
			outputPaths = (
				"$(DERIVED_FILE_DIR)/Pods-AuthApp-checkManifestLockResult.txt",
			);
			runOnlyForDeploymentPostprocessing = 0;
			shellPath = /bin/sh;
			shellScript = "diff \"${PODS_PODFILE_DIR_PATH}/Podfile.lock\" \"${PODS_ROOT}/Manifest.lock\" > /dev/null\nif [ $? != 0 ] ; then\n    # print error to STDERR\n    echo \"error: The sandbox is not in sync with the Podfile.lock. Run 'pod install' or update your CocoaPods installation.\" >&2\n    exit 1\nfi\n# This output is used by Xcode 'outputs' to avoid re-running this script phase.\necho \"SUCCESS\" > \"${SCRIPT_OUTPUT_FILE_0}\"\n";
			showEnvVarsInLog = 0;
		};
		079A7B08B2BC71E72C6BDCED /* [CP] Embed Pods Frameworks */ = {
			isa = PBXShellScriptBuildPhase;
			buildActionMask = 2147483647;
			files = (
			);
			inputFileListPaths = (
				"${PODS_ROOT}/Target Support Files/Pods-AuthApp/Pods-AuthApp-frameworks-${CONFIGURATION}-input-files.xcfilelist",
			);
			name = "[CP] Embed Pods Frameworks";
			outputFileListPaths = (
				"${PODS_ROOT}/Target Support Files/Pods-AuthApp/Pods-AuthApp-frameworks-${CONFIGURATION}-output-files.xcfilelist",
			);
			runOnlyForDeploymentPostprocessing = 0;
			shellPath = /bin/sh;
			shellScript = "\"${PODS_ROOT}/Target Support Files/Pods-AuthApp/Pods-AuthApp-frameworks.sh\"\n";
			showEnvVarsInLog = 0;
		};
/* End PBXShellScriptBuildPhase section */

/* Begin PBXSourcesBuildPhase section */
		100671B7270B5AFB00019FDA /* Sources */ = {
			isa = PBXSourcesBuildPhase;
			buildActionMask = 2147483647;
			files = (
				100671D3270B5C0D00019FDA /* LoginViewController.swift in Sources */,
				100671BF270B5AFC00019FDA /* AppDelegate.swift in Sources */,
				100671D5270B5C1D00019FDA /* FeedViewController.swift in Sources */,
				100671C1270B5AFC00019FDA /* SceneDelegate.swift in Sources */,
				100671D9270B835300019FDA /* SignUpViewController.swift in Sources */,
			);
			runOnlyForDeploymentPostprocessing = 0;
		};
/* End PBXSourcesBuildPhase section */

/* Begin PBXVariantGroup section */
		100671C4270B5AFC00019FDA /* Main.storyboard */ = {
			isa = PBXVariantGroup;
			children = (
				100671C5270B5AFC00019FDA /* Base */,
			);
			name = Main.storyboard;
			sourceTree = "<group>";
		};
		100671C9270B5AFE00019FDA /* LaunchScreen.storyboard */ = {
			isa = PBXVariantGroup;
			children = (
				100671CA270B5AFE00019FDA /* Base */,
			);
			name = LaunchScreen.storyboard;
			sourceTree = "<group>";
		};
/* End PBXVariantGroup section */

/* Begin XCBuildConfiguration section */
		100671CD270B5AFE00019FDA /* Debug */ = {
			isa = XCBuildConfiguration;
			buildSettings = {
				ALWAYS_SEARCH_USER_PATHS = NO;
				CLANG_ANALYZER_NONNULL = YES;
				CLANG_ANALYZER_NUMBER_OBJECT_CONVERSION = YES_AGGRESSIVE;
				CLANG_CXX_LANGUAGE_STANDARD = "gnu++17";
				CLANG_CXX_LIBRARY = "libc++";
				CLANG_ENABLE_MODULES = YES;
				CLANG_ENABLE_OBJC_ARC = YES;
				CLANG_ENABLE_OBJC_WEAK = YES;
				CLANG_WARN_BLOCK_CAPTURE_AUTORELEASING = YES;
				CLANG_WARN_BOOL_CONVERSION = YES;
				CLANG_WARN_COMMA = YES;
				CLANG_WARN_CONSTANT_CONVERSION = YES;
				CLANG_WARN_DEPRECATED_OBJC_IMPLEMENTATIONS = YES;
				CLANG_WARN_DIRECT_OBJC_ISA_USAGE = YES_ERROR;
				CLANG_WARN_DOCUMENTATION_COMMENTS = YES;
				CLANG_WARN_EMPTY_BODY = YES;
				CLANG_WARN_ENUM_CONVERSION = YES;
				CLANG_WARN_INFINITE_RECURSION = YES;
				CLANG_WARN_INT_CONVERSION = YES;
				CLANG_WARN_NON_LITERAL_NULL_CONVERSION = YES;
				CLANG_WARN_OBJC_IMPLICIT_RETAIN_SELF = YES;
				CLANG_WARN_OBJC_LITERAL_CONVERSION = YES;
				CLANG_WARN_OBJC_ROOT_CLASS = YES_ERROR;
				CLANG_WARN_QUOTED_INCLUDE_IN_FRAMEWORK_HEADER = YES;
				CLANG_WARN_RANGE_LOOP_ANALYSIS = YES;
				CLANG_WARN_STRICT_PROTOTYPES = YES;
				CLANG_WARN_SUSPICIOUS_MOVE = YES;
				CLANG_WARN_UNGUARDED_AVAILABILITY = YES_AGGRESSIVE;
				CLANG_WARN_UNREACHABLE_CODE = YES;
				CLANG_WARN__DUPLICATE_METHOD_MATCH = YES;
				COPY_PHASE_STRIP = NO;
				DEBUG_INFORMATION_FORMAT = dwarf;
				ENABLE_STRICT_OBJC_MSGSEND = YES;
				ENABLE_TESTABILITY = YES;
				GCC_C_LANGUAGE_STANDARD = gnu11;
				GCC_DYNAMIC_NO_PIC = NO;
				GCC_NO_COMMON_BLOCKS = YES;
				GCC_OPTIMIZATION_LEVEL = 0;
				GCC_PREPROCESSOR_DEFINITIONS = (
					"DEBUG=1",
					"$(inherited)",
				);
				GCC_WARN_64_TO_32_BIT_CONVERSION = YES;
				GCC_WARN_ABOUT_RETURN_TYPE = YES_ERROR;
				GCC_WARN_UNDECLARED_SELECTOR = YES;
				GCC_WARN_UNINITIALIZED_AUTOS = YES_AGGRESSIVE;
				GCC_WARN_UNUSED_FUNCTION = YES;
				GCC_WARN_UNUSED_VARIABLE = YES;
				IPHONEOS_DEPLOYMENT_TARGET = 15.0;
				MTL_ENABLE_DEBUG_INFO = INCLUDE_SOURCE;
				MTL_FAST_MATH = YES;
				ONLY_ACTIVE_ARCH = YES;
				SDKROOT = iphoneos;
				SWIFT_ACTIVE_COMPILATION_CONDITIONS = DEBUG;
				SWIFT_OPTIMIZATION_LEVEL = "-Onone";
			};
			name = Debug;
		};
		100671CE270B5AFE00019FDA /* Release */ = {
			isa = XCBuildConfiguration;
			buildSettings = {
				ALWAYS_SEARCH_USER_PATHS = NO;
				CLANG_ANALYZER_NONNULL = YES;
				CLANG_ANALYZER_NUMBER_OBJECT_CONVERSION = YES_AGGRESSIVE;
				CLANG_CXX_LANGUAGE_STANDARD = "gnu++17";
				CLANG_CXX_LIBRARY = "libc++";
				CLANG_ENABLE_MODULES = YES;
				CLANG_ENABLE_OBJC_ARC = YES;
				CLANG_ENABLE_OBJC_WEAK = YES;
				CLANG_WARN_BLOCK_CAPTURE_AUTORELEASING = YES;
				CLANG_WARN_BOOL_CONVERSION = YES;
				CLANG_WARN_COMMA = YES;
				CLANG_WARN_CONSTANT_CONVERSION = YES;
				CLANG_WARN_DEPRECATED_OBJC_IMPLEMENTATIONS = YES;
				CLANG_WARN_DIRECT_OBJC_ISA_USAGE = YES_ERROR;
				CLANG_WARN_DOCUMENTATION_COMMENTS = YES;
				CLANG_WARN_EMPTY_BODY = YES;
				CLANG_WARN_ENUM_CONVERSION = YES;
				CLANG_WARN_INFINITE_RECURSION = YES;
				CLANG_WARN_INT_CONVERSION = YES;
				CLANG_WARN_NON_LITERAL_NULL_CONVERSION = YES;
				CLANG_WARN_OBJC_IMPLICIT_RETAIN_SELF = YES;
				CLANG_WARN_OBJC_LITERAL_CONVERSION = YES;
				CLANG_WARN_OBJC_ROOT_CLASS = YES_ERROR;
				CLANG_WARN_QUOTED_INCLUDE_IN_FRAMEWORK_HEADER = YES;
				CLANG_WARN_RANGE_LOOP_ANALYSIS = YES;
				CLANG_WARN_STRICT_PROTOTYPES = YES;
				CLANG_WARN_SUSPICIOUS_MOVE = YES;
				CLANG_WARN_UNGUARDED_AVAILABILITY = YES_AGGRESSIVE;
				CLANG_WARN_UNREACHABLE_CODE = YES;
				CLANG_WARN__DUPLICATE_METHOD_MATCH = YES;
				COPY_PHASE_STRIP = NO;
				DEBUG_INFORMATION_FORMAT = "dwarf-with-dsym";
				ENABLE_NS_ASSERTIONS = NO;
				ENABLE_STRICT_OBJC_MSGSEND = YES;
				GCC_C_LANGUAGE_STANDARD = gnu11;
				GCC_NO_COMMON_BLOCKS = YES;
				GCC_WARN_64_TO_32_BIT_CONVERSION = YES;
				GCC_WARN_ABOUT_RETURN_TYPE = YES_ERROR;
				GCC_WARN_UNDECLARED_SELECTOR = YES;
				GCC_WARN_UNINITIALIZED_AUTOS = YES_AGGRESSIVE;
				GCC_WARN_UNUSED_FUNCTION = YES;
				GCC_WARN_UNUSED_VARIABLE = YES;
				IPHONEOS_DEPLOYMENT_TARGET = 15.0;
				MTL_ENABLE_DEBUG_INFO = NO;
				MTL_FAST_MATH = YES;
				SDKROOT = iphoneos;
				SWIFT_COMPILATION_MODE = wholemodule;
				SWIFT_OPTIMIZATION_LEVEL = "-O";
				VALIDATE_PRODUCT = YES;
			};
			name = Release;
		};
		100671D0270B5AFE00019FDA /* Debug */ = {
			isa = XCBuildConfiguration;
			baseConfigurationReference = B6964721219F20C3BD402709 /* Pods-AuthApp.debug.xcconfig */;
			buildSettings = {
				ASSETCATALOG_COMPILER_APPICON_NAME = AppIcon;
				ASSETCATALOG_COMPILER_GLOBAL_ACCENT_COLOR_NAME = AccentColor;
				CODE_SIGN_STYLE = Automatic;
				CURRENT_PROJECT_VERSION = 1;
				DEVELOPMENT_TEAM = N2M2K2MSUF;
				GENERATE_INFOPLIST_FILE = YES;
				INFOPLIST_FILE = AuthApp/Info.plist;
				INFOPLIST_KEY_UIApplicationSupportsIndirectInputEvents = YES;
				INFOPLIST_KEY_UILaunchStoryboardName = LaunchScreen;
				INFOPLIST_KEY_UIMainStoryboardFile = Main;
				INFOPLIST_KEY_UISupportedInterfaceOrientations_iPad = "UIInterfaceOrientationPortrait UIInterfaceOrientationPortraitUpsideDown UIInterfaceOrientationLandscapeLeft UIInterfaceOrientationLandscapeRight";
				INFOPLIST_KEY_UISupportedInterfaceOrientations_iPhone = "UIInterfaceOrientationPortrait UIInterfaceOrientationLandscapeLeft UIInterfaceOrientationLandscapeRight";
				LD_RUNPATH_SEARCH_PATHS = (
					"$(inherited)",
					"@executable_path/Frameworks",
				);
				MARKETING_VERSION = 1.0;
				PRODUCT_BUNDLE_IDENTIFIER = com.fernando.AuthApp;
				PRODUCT_NAME = "$(TARGET_NAME)";
				SWIFT_EMIT_LOC_STRINGS = YES;
				SWIFT_VERSION = 5.0;
				TARGETED_DEVICE_FAMILY = "1,2";
			};
			name = Debug;
		};
		100671D1270B5AFE00019FDA /* Release */ = {
			isa = XCBuildConfiguration;
			baseConfigurationReference = 209494BFEAB6DCA0B3626069 /* Pods-AuthApp.release.xcconfig */;
			buildSettings = {
				ASSETCATALOG_COMPILER_APPICON_NAME = AppIcon;
				ASSETCATALOG_COMPILER_GLOBAL_ACCENT_COLOR_NAME = AccentColor;
				CODE_SIGN_STYLE = Automatic;
				CURRENT_PROJECT_VERSION = 1;
				DEVELOPMENT_TEAM = N2M2K2MSUF;
				GENERATE_INFOPLIST_FILE = YES;
				INFOPLIST_FILE = AuthApp/Info.plist;
				INFOPLIST_KEY_UIApplicationSupportsIndirectInputEvents = YES;
				INFOPLIST_KEY_UILaunchStoryboardName = LaunchScreen;
				INFOPLIST_KEY_UIMainStoryboardFile = Main;
				INFOPLIST_KEY_UISupportedInterfaceOrientations_iPad = "UIInterfaceOrientationPortrait UIInterfaceOrientationPortraitUpsideDown UIInterfaceOrientationLandscapeLeft UIInterfaceOrientationLandscapeRight";
				INFOPLIST_KEY_UISupportedInterfaceOrientations_iPhone = "UIInterfaceOrientationPortrait UIInterfaceOrientationLandscapeLeft UIInterfaceOrientationLandscapeRight";
				LD_RUNPATH_SEARCH_PATHS = (
					"$(inherited)",
					"@executable_path/Frameworks",
				);
				MARKETING_VERSION = 1.0;
				PRODUCT_BUNDLE_IDENTIFIER = com.fernando.AuthApp;
				PRODUCT_NAME = "$(TARGET_NAME)";
				SWIFT_EMIT_LOC_STRINGS = YES;
				SWIFT_VERSION = 5.0;
				TARGETED_DEVICE_FAMILY = "1,2";
			};
			name = Release;
		};
/* End XCBuildConfiguration section */

/* Begin XCConfigurationList section */
		100671B6270B5AFB00019FDA /* Build configuration list for PBXProject "AuthApp" */ = {
			isa = XCConfigurationList;
			buildConfigurations = (
				100671CD270B5AFE00019FDA /* Debug */,
				100671CE270B5AFE00019FDA /* Release */,
			);
			defaultConfigurationIsVisible = 0;
			defaultConfigurationName = Release;
		};
		100671CF270B5AFE00019FDA /* Build configuration list for PBXNativeTarget "AuthApp" */ = {
			isa = XCConfigurationList;
			buildConfigurations = (
				100671D0270B5AFE00019FDA /* Debug */,
				100671D1270B5AFE00019FDA /* Release */,
			);
			defaultConfigurationIsVisible = 0;
			defaultConfigurationName = Release;
		};
/* End XCConfigurationList section */
	};
	rootObject = 100671B3270B5AFB00019FDA /* Project object */;
}
